
Microsoft Visual Studio Solution File, Format Version 12.00
# Visual Studio Version 17
VisualStudioVersion = 17.0.31808.319
MinimumVisualStudioVersion = 10.0.40219.1
Project("{FAE04EC0-301F-11D3-BF4B-00C04F79EFBC}") = "CoreWebAppTest1", "CoreWebAppTest1\CoreWebAppTest1.csproj", "{BA12C284-8ED7-4422-881C-10A7F7A39966}"
EndProject
Global
	GlobalSection(SolutionConfigurationPlatforms) = preSolution
		Debug|Any CPU = Debug|Any CPU
		Release|Any CPU = Release|Any CPU
	EndGlobalSection
	GlobalSection(ProjectConfigurationPlatforms) = postSolution
		{BA12C284-8ED7-4422-881C-10A7F7A39966}.Debug|Any CPU.ActiveCfg = Debug|Any CPU
		{BA12C284-8ED7-4422-881C-10A7F7A39966}.Debug|Any CPU.Build.0 = Debug|Any CPU
		{BA12C284-8ED7-4422-881C-10A7F7A39966}.Release|Any CPU.ActiveCfg = Release|Any CPU
		{BA12C284-8ED7-4422-881C-10A7F7A39966}.Release|Any CPU.Build.0 = Release|Any CPU
	EndGlobalSection
	GlobalSection(SolutionProperties) = preSolution
		HideSolutionNode = FALSE
	EndGlobalSection
	GlobalSection(ExtensibilityGlobals) = postSolution
		SolutionGuid = {DCD6DB7C-2AA0-4B62-A6A2-07BEA68BB088}
	EndGlobalSection
EndGlobal
