
Microsoft Visual Studio Solution File, Format Version 12.00
# Visual Studio Version 16
VisualStudioVersion = 16.0.29519.87
MinimumVisualStudioVersion = 10.0.40219.1
Project("{9A19103F-16F7-4668-BE54-9A1E7A4F7556}") = "WebCore", "WebCore\WebCore.csproj", "{44FD8939-309D-428F-B6EA-D8D3CE98A02B}"
EndProject
Global
	GlobalSection(SolutionConfigurationPlatforms) = preSolution
		Debug|Any CPU = Debug|Any CPU
		Release|Any CPU = Release|Any CPU
	EndGlobalSection
	GlobalSection(ProjectConfigurationPlatforms) = postSolution
		{44FD8939-309D-428F-B6EA-D8D3CE98A02B}.Debug|Any CPU.ActiveCfg = Debug|Any CPU
		{44FD8939-309D-428F-B6EA-D8D3CE98A02B}.Debug|Any CPU.Build.0 = Debug|Any CPU
		{44FD8939-309D-428F-B6EA-D8D3CE98A02B}.Release|Any CPU.ActiveCfg = Release|Any CPU
		{44FD8939-309D-428F-B6EA-D8D3CE98A02B}.Release|Any CPU.Build.0 = Release|Any CPU
	EndGlobalSection
	GlobalSection(SolutionProperties) = preSolution
		HideSolutionNode = FALSE
	EndGlobalSection
	GlobalSection(ExtensibilityGlobals) = postSolution
		SolutionGuid = {7171F459-9AA7-4DD2-A366-2C087D140E34}
	EndGlobalSection
EndGlobal
